
Microsoft Visual Studio Solution File, Format Version 12.00
# Visual Studio Version 17
VisualStudioVersion = 17.1.32210.238
MinimumVisualStudioVersion = 10.0.40219.1
Project("{2150E333-8FDC-42A3-9474-1A3956D46DE8}") = "Backend", "Backend", "{A96E8043-EAAF-4669-B418-CB938A52D1EF}"
EndProject
Project("{2150E333-8FDC-42A3-9474-1A3956D46DE8}") = "FrontEnd", "FrontEnd", "{ECC31AFE-EC73-4DD1-8771-872079E683A1}"
EndProject
Project("{2150E333-8FDC-42A3-9474-1A3956D46DE8}") = "Architecture", "Architecture", "{CB1646A9-CBAF-484A-A6CF-E954ED20BE8A}"
EndProject
Project("{2150E333-8FDC-42A3-9474-1A3956D46DE8}") = "Business", "Business", "{46D2A2FD-C174-495F-9617-40F0C59D2279}"
EndProject
Project("{2150E333-8FDC-42A3-9474-1A3956D46DE8}") = "Data", "Data", "{9072A1DF-F673-48B6-AC65-09F149D61485}"
EndProject
Project("{2150E333-8FDC-42A3-9474-1A3956D46DE8}") = "Entity", "Entity", "{7932B1E5-D566-4EF1-A840-A32FEEA76D0A}"
EndProject
Project("{2150E333-8FDC-42A3-9474-1A3956D46DE8}") = "Desktop", "Desktop", "{3B8F87CD-F82A-4907-AD13-EEEF03D7CBE3}"
EndProject
Project("{2150E333-8FDC-42A3-9474-1A3956D46DE8}") = "Installers", "Installers", "{08F36F4B-C1D7-4B2C-A7B4-E495FCE9840B}"
EndProject
Project("{2150E333-8FDC-42A3-9474-1A3956D46DE8}") = "Mobile", "Mobile", "{9F662A78-0778-4BE1-944A-06047B8EA3A3}"
EndProject
Project("{2150E333-8FDC-42A3-9474-1A3956D46DE8}") = "Services", "Services", "{F4874F64-41BE-4940-B9AA-54270962F907}"
EndProject
Project("{2150E333-8FDC-42A3-9474-1A3956D46DE8}") = "Web", "Web", "{7ADCC3A3-55FA-411B-9C74-C9FC2BC8D411}"
EndProject
Project("{2150E333-8FDC-42A3-9474-1A3956D46DE8}") = "Web", "Web", "{375CF93A-7783-4CE9-8CFA-5D5369B5D864}"
EndProject
Project("{2150E333-8FDC-42A3-9474-1A3956D46DE8}") = "Windows", "Windows", "{2A7ECD04-72F1-4586-AA39-C104C491AF60}"
EndProject
Project("{9A19103F-16F7-4668-BE54-9A1E7A4F7556}") = "Ent.Sql", "Ent.Sql\Ent.Sql.csproj", "{D932CDD3-4A4B-4EC1-B8F4-3634F29BC23F}"
EndProject
Project("{9A19103F-16F7-4668-BE54-9A1E7A4F7556}") = "Ent.Oracle", "Ent.Oracle\Ent.Oracle.csproj", "{19233C0A-BF8B-4D08-8BC4-910538444DFF}"
EndProject
Project("{9A19103F-16F7-4668-BE54-9A1E7A4F7556}") = "Dat.Oracle", "Dat.Oracle\Dat.Oracle.csproj", "{24389050-7A9E-40E3-97DA-BC12919BB6D9}"
EndProject
Project("{9A19103F-16F7-4668-BE54-9A1E7A4F7556}") = "Dat.Sql", "Dat.Sql\Dat.Sql.csproj", "{BAEC3DA6-ED9C-4C9D-963C-05AB7CCD02C0}"
EndProject
Project("{9A19103F-16F7-4668-BE54-9A1E7A4F7556}") = "Bus.AgendaClinica", "Bus.AgendaClinica\Bus.AgendaClinica.csproj", "{9331A854-CB60-47B0-80E7-23AA413C6EAA}"
EndProject
Project("{9A19103F-16F7-4668-BE54-9A1E7A4F7556}") = "Bus.Clinica", "Bus.Clinica\Bus.Clinica.csproj", "{F7DE768A-12A1-49E0-B989-1E7DCF4D082F}"
EndProject
Project("{9A19103F-16F7-4668-BE54-9A1E7A4F7556}") = "Bus.Utilities", "Bus.Utilities\Bus.Utilities.csproj", "{689D681A-0A44-4515-8ACA-21A683CD6D94}"
EndProject
Project("{9A19103F-16F7-4668-BE54-9A1E7A4F7556}") = "App.EncriptarClave", "App.EncriptarClave\App.EncriptarClave.csproj", "{30285F58-6C3A-4BDD-9192-AD97DAF06255}"
EndProject
Project("{9A19103F-16F7-4668-BE54-9A1E7A4F7556}") = "Web.Clinica", "Web.Clinica\Web.Clinica.csproj", "{38E7A397-1A34-4D94-BF8E-F4AB0DD1BA29}"
EndProject
Project("{9A19103F-16F7-4668-BE54-9A1E7A4F7556}") = "App.SemaforoEmergencias", "App.SemaforoEmergencias\App.SemaforoEmergencias.csproj", "{C53BADC9-7CCA-41CE-9BCD-63AFF9FEA8D1}"
EndProject
Project("{9A19103F-16F7-4668-BE54-9A1E7A4F7556}") = "Api.Clinica", "Api.Clinica\Api.Clinica.csproj", "{3D21F450-818D-4793-B52C-9D5CD500A75A}"
EndProject
Project("{9A19103F-16F7-4668-BE54-9A1E7A4F7556}") = "App.Clinica", "App.Clinica\App.Clinica.csproj", "{2D18ECBA-950D-4B8C-B1E7-6E53C524B3D9}"
EndProject
Project("{9A19103F-16F7-4668-BE54-9A1E7A4F7556}") = "WebAppCitaAgenda", "WebAppCitaAgenda\WebAppCitaAgenda.csproj", "{FE352437-C3FB-41D4-B50F-3F15B622678B}"
EndProject
Project("{2150E333-8FDC-42A3-9474-1A3956D46DE8}") = "Consola", "Consola", "{B4F7731F-A893-4FE3-969D-C4088053E78A}"
EndProject
Project("{9A19103F-16F7-4668-BE54-9A1E7A4F7556}") = "WSAgenda", "WSAgenda\WSAgenda.csproj", "{B06A43D2-A66E-4E1D-A19B-243B69D179AF}"
EndProject
Project("{9A19103F-16F7-4668-BE54-9A1E7A4F7556}") = "WF.RisCopyService", "WF.RisCopyService\WF.RisCopyService.csproj", "{9B106FC6-6241-4293-B706-A7C2C20457D1}"
EndProject
Project("{9A19103F-16F7-4668-BE54-9A1E7A4F7556}") = "WS.RisCopyService", "WS.RisCopyService\WS.RisCopyService.csproj", "{B767BD90-5B2F-432C-8BBE-258F3F9C8D51}"
EndProject
Project("{2150E333-8FDC-42A3-9474-1A3956D46DE8}") = "RisCopyService", "RisCopyService", "{4E716AA5-3F57-49AD-B4E8-E0E40248D037}"
EndProject
Project("{54435603-DBB4-11D2-8724-00A0C9A8B90C}") = "SP.RisCopyService", "SP.RisCopyService\SP.RisCopyService.vdproj", "{1596877D-2339-4496-98D6-5D6D71ED4D43}"
EndProject
Project("{9A19103F-16F7-4668-BE54-9A1E7A4F7556}") = "Bus.RisClinica", "Bus.RisClinica\Bus.RisClinica.csproj", "{A35AC519-897B-4160-9D39-002B4CA4FECA}"
EndProject
Project("{54435603-DBB4-11D2-8724-00A0C9A8B90C}") = "SP.WSAgenda", "SP.WSAgenda\SP.WSAgenda.vdproj", "{4A038230-6AFC-47C1-B670-C701E4D0B867}"
EndProject
Project("{9A19103F-16F7-4668-BE54-9A1E7A4F7556}") = "ApiPaginaWebCSF", "ApiWebClinicaMedico\ApiPaginaWebCSF.csproj", "{EF2E7FF0-7148-4A0F-9D5C-3470D711ED0F}"
EndProject
Project("{9A19103F-16F7-4668-BE54-9A1E7A4F7556}") = "GeneracionReporteDietas", "GeneracionReporteDietas\GeneracionReporteDietas.csproj", "{CC19B5CB-6C23-4F2C-9B3A-170E27DCB01E}"
EndProject
Project("{9A19103F-16F7-4668-BE54-9A1E7A4F7556}") = "WS.ContratoConsultorios", "WS.ContratoConsultorios\WS.ContratoConsultorios.csproj", "{C010BA2B-9EB7-4B5F-BD44-2080269811AB}"
	ProjectSection(ProjectDependencies) = postProject
		{689D681A-0A44-4515-8ACA-21A683CD6D94} = {689D681A-0A44-4515-8ACA-21A683CD6D94}
		{9331A854-CB60-47B0-80E7-23AA413C6EAA} = {9331A854-CB60-47B0-80E7-23AA413C6EAA}
	EndProjectSection
EndProject
Project("{9A19103F-16F7-4668-BE54-9A1E7A4F7556}") = "App.General", "App.General\App.General.csproj", "{1380B4B5-9DDB-4F2C-9241-1747AE24A4B3}"
EndProject
Project("{9A19103F-16F7-4668-BE54-9A1E7A4F7556}") = "WsEnvioDocumentoDigitalizacion", "WsEnvioDocumentoDigitalizacion\WsEnvioDocumentoDigitalizacion.csproj", "{60B4CE63-9C2E-4D51-B616-FE09E1BE9CA6}"
EndProject
Project("{9A19103F-16F7-4668-BE54-9A1E7A4F7556}") = "ApiDigitalizacion", "ApiDigitalizacion\ApiDigitalizacion.csproj", "{0703E7D4-8DD4-4AAD-9EF3-C595BFC44014}"
EndProject
Global
	GlobalSection(SolutionConfigurationPlatforms) = preSolution
		Debug|Any CPU = Debug|Any CPU
		Release|Any CPU = Release|Any CPU
	EndGlobalSection
	GlobalSection(ProjectConfigurationPlatforms) = postSolution
		{D932CDD3-4A4B-4EC1-B8F4-3634F29BC23F}.Debug|Any CPU.ActiveCfg = Debug|Any CPU
		{D932CDD3-4A4B-4EC1-B8F4-3634F29BC23F}.Debug|Any CPU.Build.0 = Debug|Any CPU
		{D932CDD3-4A4B-4EC1-B8F4-3634F29BC23F}.Release|Any CPU.ActiveCfg = Release|Any CPU
		{D932CDD3-4A4B-4EC1-B8F4-3634F29BC23F}.Release|Any CPU.Build.0 = Release|Any CPU
		{19233C0A-BF8B-4D08-8BC4-910538444DFF}.Debug|Any CPU.ActiveCfg = Debug|Any CPU
		{19233C0A-BF8B-4D08-8BC4-910538444DFF}.Debug|Any CPU.Build.0 = Debug|Any CPU
		{19233C0A-BF8B-4D08-8BC4-910538444DFF}.Release|Any CPU.ActiveCfg = Release|Any CPU
		{19233C0A-BF8B-4D08-8BC4-910538444DFF}.Release|Any CPU.Build.0 = Release|Any CPU
		{24389050-7A9E-40E3-97DA-BC12919BB6D9}.Debug|Any CPU.ActiveCfg = Debug|Any CPU
		{24389050-7A9E-40E3-97DA-BC12919BB6D9}.Debug|Any CPU.Build.0 = Debug|Any CPU
		{24389050-7A9E-40E3-97DA-BC12919BB6D9}.Release|Any CPU.ActiveCfg = Release|Any CPU
		{24389050-7A9E-40E3-97DA-BC12919BB6D9}.Release|Any CPU.Build.0 = Release|Any CPU
		{BAEC3DA6-ED9C-4C9D-963C-05AB7CCD02C0}.Debug|Any CPU.ActiveCfg = Debug|Any CPU
		{BAEC3DA6-ED9C-4C9D-963C-05AB7CCD02C0}.Debug|Any CPU.Build.0 = Debug|Any CPU
		{BAEC3DA6-ED9C-4C9D-963C-05AB7CCD02C0}.Release|Any CPU.ActiveCfg = Release|Any CPU
		{BAEC3DA6-ED9C-4C9D-963C-05AB7CCD02C0}.Release|Any CPU.Build.0 = Release|Any CPU
		{9331A854-CB60-47B0-80E7-23AA413C6EAA}.Debug|Any CPU.ActiveCfg = Debug|Any CPU
		{9331A854-CB60-47B0-80E7-23AA413C6EAA}.Debug|Any CPU.Build.0 = Debug|Any CPU
		{9331A854-CB60-47B0-80E7-23AA413C6EAA}.Release|Any CPU.ActiveCfg = Release|Any CPU
		{9331A854-CB60-47B0-80E7-23AA413C6EAA}.Release|Any CPU.Build.0 = Release|Any CPU
		{F7DE768A-12A1-49E0-B989-1E7DCF4D082F}.Debug|Any CPU.ActiveCfg = Debug|Any CPU
		{F7DE768A-12A1-49E0-B989-1E7DCF4D082F}.Debug|Any CPU.Build.0 = Debug|Any CPU
		{F7DE768A-12A1-49E0-B989-1E7DCF4D082F}.Release|Any CPU.ActiveCfg = Release|Any CPU
		{F7DE768A-12A1-49E0-B989-1E7DCF4D082F}.Release|Any CPU.Build.0 = Release|Any CPU
		{689D681A-0A44-4515-8ACA-21A683CD6D94}.Debug|Any CPU.ActiveCfg = Debug|Any CPU
		{689D681A-0A44-4515-8ACA-21A683CD6D94}.Debug|Any CPU.Build.0 = Debug|Any CPU
		{689D681A-0A44-4515-8ACA-21A683CD6D94}.Release|Any CPU.ActiveCfg = Release|Any CPU
		{689D681A-0A44-4515-8ACA-21A683CD6D94}.Release|Any CPU.Build.0 = Release|Any CPU
		{30285F58-6C3A-4BDD-9192-AD97DAF06255}.Debug|Any CPU.ActiveCfg = Debug|Any CPU
		{30285F58-6C3A-4BDD-9192-AD97DAF06255}.Debug|Any CPU.Build.0 = Debug|Any CPU
		{30285F58-6C3A-4BDD-9192-AD97DAF06255}.Release|Any CPU.ActiveCfg = Release|Any CPU
		{30285F58-6C3A-4BDD-9192-AD97DAF06255}.Release|Any CPU.Build.0 = Release|Any CPU
		{38E7A397-1A34-4D94-BF8E-F4AB0DD1BA29}.Debug|Any CPU.ActiveCfg = Debug|Any CPU
		{38E7A397-1A34-4D94-BF8E-F4AB0DD1BA29}.Debug|Any CPU.Build.0 = Debug|Any CPU
		{38E7A397-1A34-4D94-BF8E-F4AB0DD1BA29}.Release|Any CPU.ActiveCfg = Release|Any CPU
		{38E7A397-1A34-4D94-BF8E-F4AB0DD1BA29}.Release|Any CPU.Build.0 = Release|Any CPU
		{C53BADC9-7CCA-41CE-9BCD-63AFF9FEA8D1}.Debug|Any CPU.ActiveCfg = Debug|Any CPU
		{C53BADC9-7CCA-41CE-9BCD-63AFF9FEA8D1}.Debug|Any CPU.Build.0 = Debug|Any CPU
		{C53BADC9-7CCA-41CE-9BCD-63AFF9FEA8D1}.Release|Any CPU.ActiveCfg = Release|Any CPU
		{C53BADC9-7CCA-41CE-9BCD-63AFF9FEA8D1}.Release|Any CPU.Build.0 = Release|Any CPU
		{3D21F450-818D-4793-B52C-9D5CD500A75A}.Debug|Any CPU.ActiveCfg = Debug|Any CPU
		{3D21F450-818D-4793-B52C-9D5CD500A75A}.Debug|Any CPU.Build.0 = Debug|Any CPU
		{3D21F450-818D-4793-B52C-9D5CD500A75A}.Release|Any CPU.ActiveCfg = Release|Any CPU
		{3D21F450-818D-4793-B52C-9D5CD500A75A}.Release|Any CPU.Build.0 = Release|Any CPU
		{2D18ECBA-950D-4B8C-B1E7-6E53C524B3D9}.Debug|Any CPU.ActiveCfg = Debug|Any CPU
		{2D18ECBA-950D-4B8C-B1E7-6E53C524B3D9}.Debug|Any CPU.Build.0 = Debug|Any CPU
		{2D18ECBA-950D-4B8C-B1E7-6E53C524B3D9}.Release|Any CPU.ActiveCfg = Release|Any CPU
		{2D18ECBA-950D-4B8C-B1E7-6E53C524B3D9}.Release|Any CPU.Build.0 = Release|Any CPU
		{FE352437-C3FB-41D4-B50F-3F15B622678B}.Debug|Any CPU.ActiveCfg = Debug|Any CPU
		{FE352437-C3FB-41D4-B50F-3F15B622678B}.Debug|Any CPU.Build.0 = Debug|Any CPU
		{FE352437-C3FB-41D4-B50F-3F15B622678B}.Release|Any CPU.ActiveCfg = Release|Any CPU
		{FE352437-C3FB-41D4-B50F-3F15B622678B}.Release|Any CPU.Build.0 = Release|Any CPU
		{B06A43D2-A66E-4E1D-A19B-243B69D179AF}.Debug|Any CPU.ActiveCfg = Debug|Any CPU
		{B06A43D2-A66E-4E1D-A19B-243B69D179AF}.Debug|Any CPU.Build.0 = Debug|Any CPU
		{B06A43D2-A66E-4E1D-A19B-243B69D179AF}.Release|Any CPU.ActiveCfg = Release|Any CPU
		{B06A43D2-A66E-4E1D-A19B-243B69D179AF}.Release|Any CPU.Build.0 = Release|Any CPU
		{9B106FC6-6241-4293-B706-A7C2C20457D1}.Debug|Any CPU.ActiveCfg = Debug|Any CPU
		{9B106FC6-6241-4293-B706-A7C2C20457D1}.Debug|Any CPU.Build.0 = Debug|Any CPU
		{9B106FC6-6241-4293-B706-A7C2C20457D1}.Release|Any CPU.ActiveCfg = Release|Any CPU
		{9B106FC6-6241-4293-B706-A7C2C20457D1}.Release|Any CPU.Build.0 = Release|Any CPU
		{B767BD90-5B2F-432C-8BBE-258F3F9C8D51}.Debug|Any CPU.ActiveCfg = Debug|Any CPU
		{B767BD90-5B2F-432C-8BBE-258F3F9C8D51}.Debug|Any CPU.Build.0 = Debug|Any CPU
		{B767BD90-5B2F-432C-8BBE-258F3F9C8D51}.Release|Any CPU.ActiveCfg = Release|Any CPU
		{B767BD90-5B2F-432C-8BBE-258F3F9C8D51}.Release|Any CPU.Build.0 = Release|Any CPU
		{1596877D-2339-4496-98D6-5D6D71ED4D43}.Debug|Any CPU.ActiveCfg = Debug
		{1596877D-2339-4496-98D6-5D6D71ED4D43}.Release|Any CPU.ActiveCfg = Release
		{A35AC519-897B-4160-9D39-002B4CA4FECA}.Debug|Any CPU.ActiveCfg = Debug|Any CPU
		{A35AC519-897B-4160-9D39-002B4CA4FECA}.Debug|Any CPU.Build.0 = Debug|Any CPU
		{A35AC519-897B-4160-9D39-002B4CA4FECA}.Release|Any CPU.ActiveCfg = Release|Any CPU
		{A35AC519-897B-4160-9D39-002B4CA4FECA}.Release|Any CPU.Build.0 = Release|Any CPU
		{4A038230-6AFC-47C1-B670-C701E4D0B867}.Debug|Any CPU.ActiveCfg = Debug
		{4A038230-6AFC-47C1-B670-C701E4D0B867}.Release|Any CPU.ActiveCfg = Release
		{EF2E7FF0-7148-4A0F-9D5C-3470D711ED0F}.Debug|Any CPU.ActiveCfg = Debug|Any CPU
		{EF2E7FF0-7148-4A0F-9D5C-3470D711ED0F}.Debug|Any CPU.Build.0 = Debug|Any CPU
		{EF2E7FF0-7148-4A0F-9D5C-3470D711ED0F}.Release|Any CPU.ActiveCfg = Release|Any CPU
		{EF2E7FF0-7148-4A0F-9D5C-3470D711ED0F}.Release|Any CPU.Build.0 = Release|Any CPU
		{CC19B5CB-6C23-4F2C-9B3A-170E27DCB01E}.Debug|Any CPU.ActiveCfg = Debug|Any CPU
		{CC19B5CB-6C23-4F2C-9B3A-170E27DCB01E}.Debug|Any CPU.Build.0 = Debug|Any CPU
		{CC19B5CB-6C23-4F2C-9B3A-170E27DCB01E}.Release|Any CPU.ActiveCfg = Release|Any CPU
		{CC19B5CB-6C23-4F2C-9B3A-170E27DCB01E}.Release|Any CPU.Build.0 = Release|Any CPU
		{C010BA2B-9EB7-4B5F-BD44-2080269811AB}.Debug|Any CPU.ActiveCfg = Debug|Any CPU
		{C010BA2B-9EB7-4B5F-BD44-2080269811AB}.Debug|Any CPU.Build.0 = Debug|Any CPU
		{C010BA2B-9EB7-4B5F-BD44-2080269811AB}.Release|Any CPU.ActiveCfg = Release|Any CPU
		{C010BA2B-9EB7-4B5F-BD44-2080269811AB}.Release|Any CPU.Build.0 = Release|Any CPU
		{1380B4B5-9DDB-4F2C-9241-1747AE24A4B3}.Debug|Any CPU.ActiveCfg = Debug|Any CPU
		{1380B4B5-9DDB-4F2C-9241-1747AE24A4B3}.Debug|Any CPU.Build.0 = Debug|Any CPU
		{1380B4B5-9DDB-4F2C-9241-1747AE24A4B3}.Release|Any CPU.ActiveCfg = Release|Any CPU
		{1380B4B5-9DDB-4F2C-9241-1747AE24A4B3}.Release|Any CPU.Build.0 = Release|Any CPU
		{60B4CE63-9C2E-4D51-B616-FE09E1BE9CA6}.Debug|Any CPU.ActiveCfg = Debug|Any CPU
		{60B4CE63-9C2E-4D51-B616-FE09E1BE9CA6}.Debug|Any CPU.Build.0 = Debug|Any CPU
		{60B4CE63-9C2E-4D51-B616-FE09E1BE9CA6}.Release|Any CPU.ActiveCfg = Release|Any CPU
		{60B4CE63-9C2E-4D51-B616-FE09E1BE9CA6}.Release|Any CPU.Build.0 = Release|Any CPU
		{0703E7D4-8DD4-4AAD-9EF3-C595BFC44014}.Debug|Any CPU.ActiveCfg = Debug|Any CPU
		{0703E7D4-8DD4-4AAD-9EF3-C595BFC44014}.Debug|Any CPU.Build.0 = Debug|Any CPU
		{0703E7D4-8DD4-4AAD-9EF3-C595BFC44014}.Release|Any CPU.ActiveCfg = Release|Any CPU
		{0703E7D4-8DD4-4AAD-9EF3-C595BFC44014}.Release|Any CPU.Build.0 = Release|Any CPU
	EndGlobalSection
	GlobalSection(SolutionProperties) = preSolution
		HideSolutionNode = FALSE
	EndGlobalSection
	GlobalSection(NestedProjects) = preSolution
		{46D2A2FD-C174-495F-9617-40F0C59D2279} = {A96E8043-EAAF-4669-B418-CB938A52D1EF}
		{9072A1DF-F673-48B6-AC65-09F149D61485} = {A96E8043-EAAF-4669-B418-CB938A52D1EF}
		{7932B1E5-D566-4EF1-A840-A32FEEA76D0A} = {A96E8043-EAAF-4669-B418-CB938A52D1EF}
		{3B8F87CD-F82A-4907-AD13-EEEF03D7CBE3} = {ECC31AFE-EC73-4DD1-8771-872079E683A1}
		{08F36F4B-C1D7-4B2C-A7B4-E495FCE9840B} = {ECC31AFE-EC73-4DD1-8771-872079E683A1}
		{9F662A78-0778-4BE1-944A-06047B8EA3A3} = {ECC31AFE-EC73-4DD1-8771-872079E683A1}
		{F4874F64-41BE-4940-B9AA-54270962F907} = {ECC31AFE-EC73-4DD1-8771-872079E683A1}
		{7ADCC3A3-55FA-411B-9C74-C9FC2BC8D411} = {ECC31AFE-EC73-4DD1-8771-872079E683A1}
		{375CF93A-7783-4CE9-8CFA-5D5369B5D864} = {F4874F64-41BE-4940-B9AA-54270962F907}
		{2A7ECD04-72F1-4586-AA39-C104C491AF60} = {F4874F64-41BE-4940-B9AA-54270962F907}
		{D932CDD3-4A4B-4EC1-B8F4-3634F29BC23F} = {7932B1E5-D566-4EF1-A840-A32FEEA76D0A}
		{19233C0A-BF8B-4D08-8BC4-910538444DFF} = {7932B1E5-D566-4EF1-A840-A32FEEA76D0A}
		{24389050-7A9E-40E3-97DA-BC12919BB6D9} = {9072A1DF-F673-48B6-AC65-09F149D61485}
		{BAEC3DA6-ED9C-4C9D-963C-05AB7CCD02C0} = {9072A1DF-F673-48B6-AC65-09F149D61485}
		{9331A854-CB60-47B0-80E7-23AA413C6EAA} = {46D2A2FD-C174-495F-9617-40F0C59D2279}
		{F7DE768A-12A1-49E0-B989-1E7DCF4D082F} = {46D2A2FD-C174-495F-9617-40F0C59D2279}
		{689D681A-0A44-4515-8ACA-21A683CD6D94} = {46D2A2FD-C174-495F-9617-40F0C59D2279}
		{30285F58-6C3A-4BDD-9192-AD97DAF06255} = {3B8F87CD-F82A-4907-AD13-EEEF03D7CBE3}
		{38E7A397-1A34-4D94-BF8E-F4AB0DD1BA29} = {7ADCC3A3-55FA-411B-9C74-C9FC2BC8D411}
		{C53BADC9-7CCA-41CE-9BCD-63AFF9FEA8D1} = {3B8F87CD-F82A-4907-AD13-EEEF03D7CBE3}
		{3D21F450-818D-4793-B52C-9D5CD500A75A} = {7ADCC3A3-55FA-411B-9C74-C9FC2BC8D411}
		{2D18ECBA-950D-4B8C-B1E7-6E53C524B3D9} = {3B8F87CD-F82A-4907-AD13-EEEF03D7CBE3}
		{FE352437-C3FB-41D4-B50F-3F15B622678B} = {375CF93A-7783-4CE9-8CFA-5D5369B5D864}
		{B4F7731F-A893-4FE3-969D-C4088053E78A} = {F4874F64-41BE-4940-B9AA-54270962F907}
		{B06A43D2-A66E-4E1D-A19B-243B69D179AF} = {B4F7731F-A893-4FE3-969D-C4088053E78A}
		{9B106FC6-6241-4293-B706-A7C2C20457D1} = {4E716AA5-3F57-49AD-B4E8-E0E40248D037}
		{B767BD90-5B2F-432C-8BBE-258F3F9C8D51} = {4E716AA5-3F57-49AD-B4E8-E0E40248D037}
		{4E716AA5-3F57-49AD-B4E8-E0E40248D037} = {2A7ECD04-72F1-4586-AA39-C104C491AF60}
		{1596877D-2339-4496-98D6-5D6D71ED4D43} = {4E716AA5-3F57-49AD-B4E8-E0E40248D037}
		{A35AC519-897B-4160-9D39-002B4CA4FECA} = {46D2A2FD-C174-495F-9617-40F0C59D2279}
		{4A038230-6AFC-47C1-B670-C701E4D0B867} = {B4F7731F-A893-4FE3-969D-C4088053E78A}
		{EF2E7FF0-7148-4A0F-9D5C-3470D711ED0F} = {375CF93A-7783-4CE9-8CFA-5D5369B5D864}
		{CC19B5CB-6C23-4F2C-9B3A-170E27DCB01E} = {B4F7731F-A893-4FE3-969D-C4088053E78A}
		{C010BA2B-9EB7-4B5F-BD44-2080269811AB} = {B4F7731F-A893-4FE3-969D-C4088053E78A}
		{1380B4B5-9DDB-4F2C-9241-1747AE24A4B3} = {3B8F87CD-F82A-4907-AD13-EEEF03D7CBE3}
		{60B4CE63-9C2E-4D51-B616-FE09E1BE9CA6} = {B4F7731F-A893-4FE3-969D-C4088053E78A}
		{0703E7D4-8DD4-4AAD-9EF3-C595BFC44014} = {375CF93A-7783-4CE9-8CFA-5D5369B5D864}
	EndGlobalSection
	GlobalSection(ExtensibilityGlobals) = postSolution
		SolutionGuid = {6F109F6A-B5D7-4E8E-8786-A74E9EE35272}
	EndGlobalSection
EndGlobal
